{
	"requires": true,
	"lockfileVersion": 1,
	"dependencies": {
		"@types/estree": {
			"version": "0.0.39",
			"resolved": "https://registry.npmjs.org/@types/estree/-/estree-0.0.39.tgz",
			"integrity": "sha512-EYNwp3bU+98cpU4lAWYYL7Zz+2gryWH1qbdDTidVd6hkiR6weksdbMadyXKXNPEkQFhXM+hVO9ZygomHXp+AIw=="
		},
		"@types/node": {
			"version": "10.3.2",
			"resolved": "https://registry.npmjs.org/@types/node/-/node-10.3.2.tgz",
			"integrity": "sha512-9NfEUDp3tgRhmoxzTpTo+lq+KIVFxZahuRX0LHF/9IzKHaWuoWsIrrJ61zw5cnnlGINX8lqJzXYfQTOICS5Q+A=="
		},
		"rollup": {
			"version": "0.60.4",
			"resolved": "https://registry.npmjs.org/rollup/-/rollup-0.60.4.tgz",
			"integrity": "sha512-55x0sY6LPF7waMOaDa6QvTfEngyYpMNh48UWNEiZzwGA8x+sP2aH4c+H+1fTpFLay8Q6w1eE5Asrty7NW0nfrQ==",
			"requires": {
				"@types/estree": "0.0.39",
				"@types/node": "10.3.2"
			}
		}
	}
}
